// !$*UTF8*$!
{
	archiveVersion = 1;
	classes = {
	};
	objectVersion = 46;
	objects = {

/* Begin PBXBuildFile section */
		759BA043197A7E12002FF5A2 /* main.m in Sources */ = {isa = PBXBuildFile; fileRef = 759BA042197A7E12002FF5A2 /* main.m */; };
		759BA046197A7E12002FF5A2 /* AppDelegate.m in Sources */ = {isa = PBXBuildFile; fileRef = 759BA045197A7E12002FF5A2 /* AppDelegate.m */; };
		759BA049197A7E12002FF5A2 /* ViewController.m in Sources */ = {isa = PBXBuildFile; fileRef = 759BA048197A7E12002FF5A2 /* ViewController.m */; };
		759BA04C197A7E12002FF5A2 /* Main.storyboard in Resources */ = {isa = PBXBuildFile; fileRef = 759BA04A197A7E12002FF5A2 /* Main.storyboard */; };
		759BA04E197A7E14002FF5A2 /* Images.xcassets in Resources */ = {isa = PBXBuildFile; fileRef = 759BA04D197A7E14002FF5A2 /* Images.xcassets */; };
		759BA05A197A7E14002FF5A2 /* Ej2T1JulenTests.m in Sources */ = {isa = PBXBuildFile; fileRef = 759BA059197A7E14002FF5A2 /* Ej2T1JulenTests.m */; };
/* End PBXBuildFile section */

/* Begin PBXContainerItemProxy section */
		759BA054197A7E14002FF5A2 /* PBXContainerItemProxy */ = {
			isa = PBXContainerItemProxy;
			containerPortal = 759BA035197A7E11002FF5A2 /* Project object */;
			proxyType = 1;
			remoteGlobalIDString = 759BA03C197A7E12002FF5A2;
			remoteInfo = Ej2T1Julen;
		};
/* End PBXContainerItemProxy section */

/* Begin PBXFileReference section */
		759BA03D197A7E12002FF5A2 /* Ej2T1Julen.app */ = {isa = PBXFileReference; explicitFileType = wrapper.application; includeInIndex = 0; path = Ej2T1Julen.app; sourceTree = BUILT_PRODUCTS_DIR; };
		759BA041197A7E12002FF5A2 /* Info.plist */ = {isa = PBXFileReference; lastKnownFileType = text.plist.xml; path = Info.plist; sourceTree = "<group>"; };
		759BA042197A7E12002FF5A2 /* main.m */ = {isa = PBXFileReference; lastKnownFileType = sourcecode.c.objc; path = main.m; sourceTree = "<group>"; };
		759BA044197A7E12002FF5A2 /* AppDelegate.h */ = {isa = PBXFileReference; lastKnownFileType = sourcecode.c.h; path = AppDelegate.h; sourceTree = "<group>"; };
		759BA045197A7E12002FF5A2 /* AppDelegate.m */ = {isa = PBXFileReference; lastKnownFileType = sourcecode.c.objc; path = AppDelegate.m; sourceTree = "<group>"; };
		759BA047197A7E12002FF5A2 /* ViewController.h */ = {isa = PBXFileReference; lastKnownFileType = sourcecode.c.h; path = ViewController.h; sourceTree = "<group>"; };
		759BA048197A7E12002FF5A2 /* ViewController.m */ = {isa = PBXFileReference; lastKnownFileType = sourcecode.c.objc; path = ViewController.m; sourceTree = "<group>"; };
		759BA04B197A7E12002FF5A2 /* Base */ = {isa = PBXFileReference; lastKnownFileType = file.storyboard; name = Base; path = Base.lproj/Main.storyboard; sourceTree = "<group>"; };
		759BA04D197A7E14002FF5A2 /* Images.xcassets */ = {isa = PBXFileReference; lastKnownFileType = folder.assetcatalog; path = Images.xcassets; sourceTree = "<group>"; };
		759BA053197A7E14002FF5A2 /* Ej2T1JulenTests.xctest */ = {isa = PBXFileReference; explicitFileType = wrapper.cfbundle; includeInIndex = 0; path = Ej2T1JulenTests.xctest; sourceTree = BUILT_PRODUCTS_DIR; };
		759BA058197A7E14002FF5A2 /* Info.plist */ = {isa = PBXFileReference; lastKnownFileType = text.plist.xml; path = Info.plist; sourceTree = "<group>"; };
		759BA059197A7E14002FF5A2 /* Ej2T1JulenTests.m */ = {isa = PBXFileReference; lastKnownFileType = sourcecode.c.objc; path = Ej2T1JulenTests.m; sourceTree = "<group>"; };
/* End PBXFileReference section */

/* Begin PBXFrameworksBuildPhase section */
		759BA03A197A7E12002FF5A2 /* Frameworks */ = {
			isa = PBXFrameworksBuildPhase;
			buildActionMask = 2147483647;
			files = (
			);
			runOnlyForDeploymentPostprocessing = 0;
		};
		759BA050197A7E14002FF5A2 /* Frameworks */ = {
			isa = PBXFrameworksBuildPhase;
			buildActionMask = 2147483647;
			files = (
			);
			runOnlyForDeploymentPostprocessing = 0;
		};
/* End PBXFrameworksBuildPhase section */

/* Begin PBXGroup section */
		759BA034197A7E11002FF5A2 = {
			isa = PBXGroup;
			children = (
				759BA03F197A7E12002FF5A2 /* Ej2T1Julen */,
				759BA056197A7E14002FF5A2 /* Ej2T1JulenTests */,
				759BA03E197A7E12002FF5A2 /* Products */,
			);
			sourceTree = "<group>";
		};
		759BA03E197A7E12002FF5A2 /* Products */ = {
			isa = PBXGroup;
			children = (
				759BA03D197A7E12002FF5A2 /* Ej2T1Julen.app */,
				759BA053197A7E14002FF5A2 /* Ej2T1JulenTests.xctest */,
			);
			name = Products;
			sourceTree = "<group>";
		};
		759BA03F197A7E12002FF5A2 /* Ej2T1Julen */ = {
			isa = PBXGroup;
			children = (
				759BA044197A7E12002FF5A2 /* AppDelegate.h */,
				759BA045197A7E12002FF5A2 /* AppDelegate.m */,
				759BA047197A7E12002FF5A2 /* ViewController.h */,
				759BA048197A7E12002FF5A2 /* ViewController.m */,
				759BA04A197A7E12002FF5A2 /* Main.storyboard */,
				759BA04D197A7E14002FF5A2 /* Images.xcassets */,
				759BA040197A7E12002FF5A2 /* Supporting Files */,
			);
			path = Ej2T1Julen;
			sourceTree = "<group>";
		};
		759BA040197A7E12002FF5A2 /* Supporting Files */ = {
			isa = PBXGroup;
			children = (
				759BA041197A7E12002FF5A2 /* Info.plist */,
				759BA042197A7E12002FF5A2 /* main.m */,
			);
			name = "Supporting Files";
			sourceTree = "<group>";
		};
		759BA056197A7E14002FF5A2 /* Ej2T1JulenTests */ = {
			isa = PBXGroup;
			children = (
				759BA059197A7E14002FF5A2 /* Ej2T1JulenTests.m */,
				759BA057197A7E14002FF5A2 /* Supporting Files */,
			);
			path = Ej2T1JulenTests;
			sourceTree = "<group>";
		};
		759BA057197A7E14002FF5A2 /* Supporting Files */ = {
			isa = PBXGroup;
			children = (
				759BA058197A7E14002FF5A2 /* Info.plist */,
			);
			name = "Supporting Files";
			sourceTree = "<group>";
		};
/* End PBXGroup section */

/* Begin PBXNativeTarget section */
		759BA03C197A7E12002FF5A2 /* Ej2T1Julen */ = {
			isa = PBXNativeTarget;
			buildConfigurationList = 759BA05D197A7E14002FF5A2 /* Build configuration list for PBXNativeTarget "Ej2T1Julen" */;
			buildPhases = (
				759BA039197A7E12002FF5A2 /* Sources */,
				759BA03A197A7E12002FF5A2 /* Frameworks */,
				759BA03B197A7E12002FF5A2 /* Resources */,
			);
			buildRules = (
			);
			dependencies = (
			);
			name = Ej2T1Julen;
			productName = Ej2T1Julen;
			productReference = 759BA03D197A7E12002FF5A2 /* Ej2T1Julen.app */;
			productType = "com.apple.product-type.application";
		};
		759BA052197A7E14002FF5A2 /* Ej2T1JulenTests */ = {
			isa = PBXNativeTarget;
			buildConfigurationList = 759BA060197A7E14002FF5A2 /* Build configuration list for PBXNativeTarget "Ej2T1JulenTests" */;
			buildPhases = (
				759BA04F197A7E14002FF5A2 /* Sources */,
				759BA050197A7E14002FF5A2 /* Frameworks */,
				759BA051197A7E14002FF5A2 /* Resources */,
			);
			buildRules = (
			);
			dependencies = (
				759BA055197A7E14002FF5A2 /* PBXTargetDependency */,
			);
			name = Ej2T1JulenTests;
			productName = Ej2T1JulenTests;
			productReference = 759BA053197A7E14002FF5A2 /* Ej2T1JulenTests.xctest */;
			productType = "com.apple.product-type.bundle.unit-test";
		};
/* End PBXNativeTarget section */

/* Begin PBXProject section */
		759BA035197A7E11002FF5A2 /* Project object */ = {
			isa = PBXProject;
			attributes = {
				LastUpgradeCheck = 0600;
				ORGANIZATIONNAME = Julen;
				TargetAttributes = {
					759BA03C197A7E12002FF5A2 = {
						CreatedOnToolsVersion = 6.0;
					};
					759BA052197A7E14002FF5A2 = {
						CreatedOnToolsVersion = 6.0;
						TestTargetID = 759BA03C197A7E12002FF5A2;
					};
				};
			};
			buildConfigurationList = 759BA038197A7E11002FF5A2 /* Build configuration list for PBXProject "Ej2T1Julen" */;
			compatibilityVersion = "Xcode 3.2";
			developmentRegion = English;
			hasScannedForEncodings = 0;
			knownRegions = (
				en,
				Base,
			);
			mainGroup = 759BA034197A7E11002FF5A2;
			productRefGroup = 759BA03E197A7E12002FF5A2 /* Products */;
			projectDirPath = "";
			projectRoot = "";
			targets = (
				759BA03C197A7E12002FF5A2 /* Ej2T1Julen */,
				759BA052197A7E14002FF5A2 /* Ej2T1JulenTests */,
			);
		};
/* End PBXProject section */

/* Begin PBXResourcesBuildPhase section */
		759BA03B197A7E12002FF5A2 /* Resources */ = {
			isa = PBXResourcesBuildPhase;
			buildActionMask = 2147483647;
			files = (
				759BA04C197A7E12002FF5A2 /* Main.storyboard in Resources */,
				759BA04E197A7E14002FF5A2 /* Images.xcassets in Resources */,
			);
			runOnlyForDeploymentPostprocessing = 0;
		};
		759BA051197A7E14002FF5A2 /* Resources */ = {
			isa = PBXResourcesBuildPhase;
			buildActionMask = 2147483647;
			files = (
			);
			runOnlyForDeploymentPostprocessing = 0;
		};
/* End PBXResourcesBuildPhase section */

/* Begin PBXSourcesBuildPhase section */
		759BA039197A7E12002FF5A2 /* Sources */ = {
			isa = PBXSourcesBuildPhase;
			buildActionMask = 2147483647;
			files = (
				759BA049197A7E12002FF5A2 /* ViewController.m in Sources */,
				759BA046197A7E12002FF5A2 /* AppDelegate.m in Sources */,
				759BA043197A7E12002FF5A2 /* main.m in Sources */,
			);
			runOnlyForDeploymentPostprocessing = 0;
		};
		759BA04F197A7E14002FF5A2 /* Sources */ = {
			isa = PBXSourcesBuildPhase;
			buildActionMask = 2147483647;
			files = (
				759BA05A197A7E14002FF5A2 /* Ej2T1JulenTests.m in Sources */,
			);
			runOnlyForDeploymentPostprocessing = 0;
		};
/* End PBXSourcesBuildPhase section */

/* Begin PBXTargetDependency section */
		759BA055197A7E14002FF5A2 /* PBXTargetDependency */ = {
			isa = PBXTargetDependency;
			target = 759BA03C197A7E12002FF5A2 /* Ej2T1Julen */;
			targetProxy = 759BA054197A7E14002FF5A2 /* PBXContainerItemProxy */;
		};
/* End PBXTargetDependency section */

/* Begin PBXVariantGroup section */
		759BA04A197A7E12002FF5A2 /* Main.storyboard */ = {
			isa = PBXVariantGroup;
			children = (
				759BA04B197A7E12002FF5A2 /* Base */,
			);
			name = Main.storyboard;
			sourceTree = "<group>";
		};
/* End PBXVariantGroup section */

/* Begin XCBuildConfiguration section */
		759BA05B197A7E14002FF5A2 /* Debug */ = {
			isa = XCBuildConfiguration;
			buildSettings = {
				ALWAYS_SEARCH_USER_PATHS = NO;
				CLANG_CXX_LANGUAGE_STANDARD = "gnu++0x";
				CLANG_CXX_LIBRARY = "libc++";
				CLANG_ENABLE_MODULES = YES;
				CLANG_ENABLE_OBJC_ARC = YES;
				CLANG_WARN_BOOL_CONVERSION = YES;
				CLANG_WARN_CONSTANT_CONVERSION = YES;
				CLANG_WARN_DIRECT_OBJC_ISA_USAGE = YES_ERROR;
				CLANG_WARN_EMPTY_BODY = YES;
				CLANG_WARN_ENUM_CONVERSION = YES;
				CLANG_WARN_INT_CONVERSION = YES;
				CLANG_WARN_OBJC_ROOT_CLASS = YES_ERROR;
				CLANG_WARN_UNREACHABLE_CODE = YES;
				CLANG_WARN__DUPLICATE_METHOD_MATCH = YES;
				"CODE_SIGN_IDENTITY[sdk=iphoneos*]" = "iPhone Developer";
				COPY_PHASE_STRIP = NO;
				ENABLE_STRICT_OBJC_MSGSEND = YES;
				GCC_C_LANGUAGE_STANDARD = gnu99;
				GCC_DYNAMIC_NO_PIC = NO;
				GCC_OPTIMIZATION_LEVEL = 0;
				GCC_PREPROCESSOR_DEFINITIONS = (
					"DEBUG=1",
					"$(inherited)",
				);
				GCC_SYMBOLS_PRIVATE_EXTERN = NO;
				GCC_WARN_64_TO_32_BIT_CONVERSION = YES;
				GCC_WARN_ABOUT_RETURN_TYPE = YES_ERROR;
				GCC_WARN_UNDECLARED_SELECTOR = YES;
				GCC_WARN_UNINITIALIZED_AUTOS = YES_AGGRESSIVE;
				GCC_WARN_UNUSED_FUNCTION = YES;
				GCC_WARN_UNUSED_VARIABLE = YES;
				IPHONEOS_DEPLOYMENT_TARGET = 8.0;
				MTL_ENABLE_DEBUG_INFO = YES;
				ONLY_ACTIVE_ARCH = YES;
				SDKROOT = iphoneos;
				TARGETED_DEVICE_FAMILY = "1,2";
			};
			name = Debug;
		};
		759BA05C197A7E14002FF5A2 /* Release */ = {
			isa = XCBuildConfiguration;
			buildSettings = {
				ALWAYS_SEARCH_USER_PATHS = NO;
				CLANG_CXX_LANGUAGE_STANDARD = "gnu++0x";
				CLANG_CXX_LIBRARY = "libc++";
				CLANG_ENABLE_MODULES = YES;
				CLANG_ENABLE_OBJC_ARC = YES;
				CLANG_WARN_BOOL_CONVERSION = YES;
				CLANG_WARN_CONSTANT_CONVERSION = YES;
				CLANG_WARN_DIRECT_OBJC_ISA_USAGE = YES_ERROR;
				CLANG_WARN_EMPTY_BODY = YES;
				CLANG_WARN_ENUM_CONVERSION = YES;
				CLANG_WARN_INT_CONVERSION = YES;
				CLANG_WARN_OBJC_ROOT_CLASS = YES_ERROR;
				CLANG_WARN_UNREACHABLE_CODE = YES;
				CLANG_WARN__DUPLICATE_METHOD_MATCH = YES;
				"CODE_SIGN_IDENTITY[sdk=iphoneos*]" = "iPhone Developer";
				COPY_PHASE_STRIP = YES;
				ENABLE_NS_ASSERTIONS = NO;
				ENABLE_STRICT_OBJC_MSGSEND = YES;
				GCC_C_LANGUAGE_STANDARD = gnu99;
				GCC_WARN_64_TO_32_BIT_CONVERSION = YES;
				GCC_WARN_ABOUT_RETURN_TYPE = YES_ERROR;
				GCC_WARN_UNDECLARED_SELECTOR = YES;
				GCC_WARN_UNINITIALIZED_AUTOS = YES_AGGRESSIVE;
				GCC_WARN_UNUSED_FUNCTION = YES;
				GCC_WARN_UNUSED_VARIABLE = YES;
				IPHONEOS_DEPLOYMENT_TARGET = 8.0;
				MTL_ENABLE_DEBUG_INFO = NO;
				SDKROOT = iphoneos;
				TARGETED_DEVICE_FAMILY = "1,2";
				VALIDATE_PRODUCT = YES;
			};
			name = Release;
		};
		759BA05E197A7E14002FF5A2 /* Debug */ = {
			isa = XCBuildConfiguration;
			buildSettings = {
				ASSETCATALOG_COMPILER_APPICON_NAME = AppIcon;
				ASSETCATALOG_COMPILER_LAUNCHIMAGE_NAME = LaunchImage;
				INFOPLIST_FILE = Ej2T1Julen/Info.plist;
				LD_RUNPATH_SEARCH_PATHS = "$(inherited) @executable_path/Frameworks";
				PRODUCT_NAME = "$(TARGET_NAME)";
			};
			name = Debug;
		};
		759BA05F197A7E14002FF5A2 /* Release */ = {
			isa = XCBuildConfiguration;
			buildSettings = {
				ASSETCATALOG_COMPILER_APPICON_NAME = AppIcon;
				ASSETCATALOG_COMPILER_LAUNCHIMAGE_NAME = LaunchImage;
				INFOPLIST_FILE = Ej2T1Julen/Info.plist;
				LD_RUNPATH_SEARCH_PATHS = "$(inherited) @executable_path/Frameworks";
				PRODUCT_NAME = "$(TARGET_NAME)";
			};
			name = Release;
		};
		759BA061197A7E14002FF5A2 /* Debug */ = {
			isa = XCBuildConfiguration;
			buildSettings = {
				BUNDLE_LOADER = "$(BUILT_PRODUCTS_DIR)/Ej2T1Julen.app/Ej2T1Julen";
				FRAMEWORK_SEARCH_PATHS = (
					"$(SDKROOT)/Developer/Library/Frameworks",
					"$(inherited)",
				);
				GCC_PREPROCESSOR_DEFINITIONS = (
					"DEBUG=1",
					"$(inherited)",
				);
				INFOPLIST_FILE = Ej2T1JulenTests/Info.plist;
				LD_RUNPATH_SEARCH_PATHS = "$(inherited) @executable_path/Frameworks @loader_path/Frameworks";
				PRODUCT_NAME = "$(TARGET_NAME)";
				TEST_HOST = "$(BUNDLE_LOADER)";
			};
			name = Debug;
		};
		759BA062197A7E14002FF5A2 /* Release */ = {
			isa = XCBuildConfiguration;
			buildSettings = {
				BUNDLE_LOADER = "$(BUILT_PRODUCTS_DIR)/Ej2T1Julen.app/Ej2T1Julen";
				FRAMEWORK_SEARCH_PATHS = (
					"$(SDKROOT)/Developer/Library/Frameworks",
					"$(inherited)",
				);
				INFOPLIST_FILE = Ej2T1JulenTests/Info.plist;
				LD_RUNPATH_SEARCH_PATHS = "$(inherited) @executable_path/Frameworks @loader_path/Frameworks";
				PRODUCT_NAME = "$(TARGET_NAME)";
				TEST_HOST = "$(BUNDLE_LOADER)";
			};
			name = Release;
		};
/* End XCBuildConfiguration section */

/* Begin XCConfigurationList section */
		759BA038197A7E11002FF5A2 /* Build configuration list for PBXProject "Ej2T1Julen" */ = {
			isa = XCConfigurationList;
			buildConfigurations = (
				759BA05B197A7E14002FF5A2 /* Debug */,
				759BA05C197A7E14002FF5A2 /* Release */,
			);
			defaultConfigurationIsVisible = 0;
			defaultConfigurationName = Release;
		};
		759BA05D197A7E14002FF5A2 /* Build configuration list for PBXNativeTarget "Ej2T1Julen" */ = {
			isa = XCConfigurationList;
			buildConfigurations = (
				759BA05E197A7E14002FF5A2 /* Debug */,
				759BA05F197A7E14002FF5A2 /* Release */,
			);
			defaultConfigurationIsVisible = 0;
		};
		759BA060197A7E14002FF5A2 /* Build configuration list for PBXNativeTarget "Ej2T1JulenTests" */ = {
			isa = XCConfigurationList;
			buildConfigurations = (
				759BA061197A7E14002FF5A2 /* Debug */,
				759BA062197A7E14002FF5A2 /* Release */,
			);
			defaultConfigurationIsVisible = 0;
		};
/* End XCConfigurationList section */
	};
	rootObject = 759BA035197A7E11002FF5A2 /* Project object */;
}
